{
  "name": "TripPilot",
  "lockfileVersion": 3,
  "requires": true,
  "packages": {
    "": {
      "dependencies": {
        "railkit": "^6.0.0"
      }
    },
    "node_modules/railkit": {
      "version": "6.0.0",
      "resolved": "https://registry.npmjs.org/railkit/-/railkit-6.0.0.tgz",
      "integrity": "sha512-0kKV2K55IJXui0jn8ZQlH70KZ/zfkEnSZhud4S15GL/rgt+CLu8WOPuif8+h/l530J1WokGPgCUx7qGrCQNIEQ==",
      "license": "ISC"
    }
  }
}
